# THIS IS AN AUTOGENERATED FILE. DO NOT EDIT THIS FILE DIRECTLY.
# yarn lockfile v1


"@fastify/busboy@^2.0.0":
  version "2.1.1"
  resolved "https://registry.yarnpkg.com/@fastify/busboy/-/busboy-2.1.1.tgz#b9da6a878a371829a0502c9b6c1c143ef6663f4d"
  integrity sha512-vBZP4NlzfOlerQTnba4aqZoMhE/a9HY7HRqoOPaETQcSQuWEIyZMHGfVu6w9wGtGK5fED5qRs2DteVCjOH60sA==

"@puregram/callback-data@^1.2.3":
  version "1.2.3"
  resolved "https://registry.yarnpkg.com/@puregram/callback-data/-/callback-data-1.2.3.tgz#a8ea1e4a4b09be947bc1f46226ff9df760a4fffe"
  integrity sha512-F7LafhHrV//KGspZb1O41iRp18ssfnLjxQPMPW3JCDObMAqSU1l9Mb8oo8vlU50JVhWE2OOZEgrxbiRAkxK0Dw==

"@puregram/hear@^2.1.0-rc.1":
  version "2.1.0-rc.1"
  resolved "https://registry.yarnpkg.com/@puregram/hear/-/hear-2.1.0-rc.1.tgz#07b9dc2b0c08dc9e6fb3fbecc561bc03fc26cf6e"
  integrity sha512-b0StrCPFYDkJMNJDgcWl48+ooZcVcAPk26G0vh7wdlb28+lIgKWiM/cWullICWGJqmn5lMPawJmgGn0+bJLpLQ==
  dependencies:
    middleware-io "^2.8.1"
    reflect-metadata "^0.1.14"

"@puregram/prompt@^1.2.0":
  version "1.2.0"
  resolved "https://registry.yarnpkg.com/@puregram/prompt/-/prompt-1.2.0.tgz#3c9b44446d177db71cb999c21ed6505ce04931d8"
  integrity sha512-mfYzu5O7NcxwINym5aW2WnpldqIP+65Ut/3YpI7P/wfQ5HOe8Z8qk+wRvWgRGYmCk9Ak+QV4J9GfGKJtp2wSeg==
  dependencies:
    inspectable "^1.2.0"
    middleware-io "^2.8.0"

"@types/debug@^4.1.8":
  version "4.1.12"
  resolved "https://registry.yarnpkg.com/@types/debug/-/debug-4.1.12.tgz#a155f21690871953410df4b6b6f53187f0500917"
  integrity sha512-vIChWdVG3LG1SMxEvI/AK+FWJthlrqlTu7fbrlywTkkaONwk/UAGaULXRlf8vkzFBLVm0zkMdCquhL5aOjhXPQ==
  dependencies:
    "@types/ms" "*"

"@types/ms@*":
  version "0.7.34"
  resolved "https://registry.yarnpkg.com/@types/ms/-/ms-0.7.34.tgz#10964ba0dee6ac4cd462e2795b6bebd407303433"
  integrity sha512-nG96G3Wp6acyAgJqGasjODb+acrI7KltPiRxzHPXnP3NgI28bpQDRv53olbqGXbfcgF5aiiHmO3xpwEpS5Ld9g==

"@types/node@*":
  version "20.12.7"
  resolved "https://registry.yarnpkg.com/@types/node/-/node-20.12.7.tgz#04080362fa3dd6c5822061aa3124f5c152cff384"
  integrity sha512-wq0cICSkRLVaf3UGLMGItu/PtdY7oaXaI/RVU+xliKVOtRna3PRY57ZDfztpDL0n11vfymMUnXv8QwYCO7L1wg==
  dependencies:
    undici-types "~5.26.4"

"@types/validator@^13.7.17":
  version "13.11.9"
  resolved "https://registry.yarnpkg.com/@types/validator/-/validator-13.11.9.tgz#adfe96520b437a0eaa798a475877bf2f75ee402d"
  integrity sha512-FCTsikRozryfayPuiI46QzH3fnrOoctTjvOYZkho9BTFLCOZ2rgZJHMOVgCOfttjPJcgOx52EpkY0CMfy87MIw==

colors@^1.4.0:
  version "1.4.0"
  resolved "https://registry.yarnpkg.com/colors/-/colors-1.4.0.tgz#c50491479d4c1bdaed2c9ced32cf7c7dc2360f78"
  integrity sha512-a+UqTh4kgZg/SlGvfbzDHpgRu7AAQOmmqRHJnxhRZICKFUT91brVhNNt58CMWU9PsBbv3PDCZUHbVxuDiH2mtA==

debug@^4.3.2, debug@^4.3.4:
  version "4.3.4"
  resolved "https://registry.yarnpkg.com/debug/-/debug-4.3.4.tgz#1319f6579357f2338d3337d2cdd4914bb5dcc865"
  integrity sha512-PRWFHuSU3eDtQJPvnNY7Jcket1j0t5OuOsFzPPzsekD52Zl8qUfFIPEiswXqIvHWGVHOgX+7G/vCNNhehwxfkQ==
  dependencies:
    ms "2.1.2"

dottie@^2.0.6:
  version "2.0.6"
  resolved "https://registry.yarnpkg.com/dottie/-/dottie-2.0.6.tgz#34564ebfc6ec5e5772272d466424ad5b696484d4"
  integrity sha512-iGCHkfUc5kFekGiqhe8B/mdaurD+lakO9txNnTvKtA6PISrw86LgqHvRzWYPyoE2Ph5aMIrCw9/uko6XHTKCwA==

form-data-encoder@^1.7.2:
  version "1.9.0"
  resolved "https://registry.yarnpkg.com/form-data-encoder/-/form-data-encoder-1.9.0.tgz#fd18d316b1ec830d2a8be8ad86c1cf0317320b34"
  integrity sha512-rahaRMkN8P8d/tgK/BLPX+WBVM27NbvdXBxqQujBtkDAIFspaRqN7Od7lfdGQA6KAD+f82fYCLBq1ipvcu8qLw==

formdata-node@^4.3.2:
  version "4.4.1"
  resolved "https://registry.yarnpkg.com/formdata-node/-/formdata-node-4.4.1.tgz#23f6a5cb9cb55315912cbec4ff7b0f59bbd191e2"
  integrity sha512-0iirZp3uVDjVGt9p49aTaqjk84TrglENEDuqfdlZQ1roC9CWlPk6Avf8EEnZNcAqPonwkG35x4n3ww/1THYAeQ==
  dependencies:
    node-domexception "1.0.0"
    web-streams-polyfill "4.0.0-beta.3"

inflection@^1.13.4:
  version "1.13.4"
  resolved "https://registry.yarnpkg.com/inflection/-/inflection-1.13.4.tgz#65aa696c4e2da6225b148d7a154c449366633a32"
  integrity sha512-6I/HUDeYFfuNCVS3td055BaXBwKYuzw7K3ExVMStBowKo9oOAMJIXIHvdyR3iboTCp1b+1i5DSkIZTcwIktuDw==

inspectable@^1.2.0:
  version "1.2.2"
  resolved "https://registry.yarnpkg.com/inspectable/-/inspectable-1.2.2.tgz#dbc3ecad55b6159f4d2c91862403ef48d6e45437"
  integrity sha512-6wGbJJe0Y8oTLSoLXIZht1OVLLh9DNitpX+IoneyUWczkHQNWcVYuFVu7beGQoCemBELdJXpaffswBeQ9RTSVA==

inspectable@^2.0.0:
  version "2.1.0"
  resolved "https://registry.yarnpkg.com/inspectable/-/inspectable-2.1.0.tgz#c6bc0d81b5f99414bb1b9c7ced65a3c371ad98b7"
  integrity sha512-4hsdFGB0zkCqc3RtKGXw5Mw4PUrJneZpSmfGOiDvKJIznbcWvm+jzCDnJSLEm/86p91KLHVYVo5taH9YTr+6OA==

json5@^2.2.2:
  version "2.2.3"
  resolved "https://registry.yarnpkg.com/json5/-/json5-2.2.3.tgz#78cd6f1a19bdc12b73db5ad0c61efd66c1e29283"
  integrity sha512-XmOWe7eyHYH14cLdVPoyg+GOH3rYX++KpzrylJwSW98t3Nk+U8XOl8FWKOgwtzdb8lXGf6zYwDUzeHMWfxasyg==

lodash@^4.17.21:
  version "4.17.21"
  resolved "https://registry.yarnpkg.com/lodash/-/lodash-4.17.21.tgz#679591c564c3bffaae8454cf0b3df370c3d6911c"
  integrity sha512-v2kDEe57lecTulaDIuNTPy3Ry4gLGJ6Z1O3vE1krgXZNrsQ+LFTGHVxVjcXPs17LhbZVGedAJv8XZ1tvj5FvSg==

lru-cache@^6.0.0:
  version "6.0.0"
  resolved "https://registry.yarnpkg.com/lru-cache/-/lru-cache-6.0.0.tgz#6d6fe6570ebd96aaf90fcad1dafa3b2566db3a94"
  integrity sha512-Jo6dJ04CmSjuznwJSS3pUeWmd/H0ffTlkXXgwZi+eq1UCmqQwCh+eLsYOYCwY991i2Fah4h1BEMCx4qThGbsiA==
  dependencies:
    yallist "^4.0.0"

middleware-io@^2.8.0, middleware-io@^2.8.1:
  version "2.8.1"
  resolved "https://registry.yarnpkg.com/middleware-io/-/middleware-io-2.8.1.tgz#89b5cbe16ea985402891e2d29b967be2dd4f6cb0"
  integrity sha512-H0XftkexHKxxQsoCsItMzM7WU3S/rIFzL3T4guU8tWLKr7e5cVkdaZ+JQeeL+TB3OaHpqFi/ozYqQl69z2X6bg==

minimist@^1.2.6:
  version "1.2.8"
  resolved "https://registry.yarnpkg.com/minimist/-/minimist-1.2.8.tgz#c1a464e7693302e082a075cee0c057741ac4772c"
  integrity sha512-2yyAR8qBkN3YuheJanUpWC5U3bb5osDywNB8RzDVlDwDHbocAJveqqj1u8+SVD7jkWT4yvsHCpWqqWqAxb0zCA==

moment-timezone@^0.5.43:
  version "0.5.45"
  resolved "https://registry.yarnpkg.com/moment-timezone/-/moment-timezone-0.5.45.tgz#cb685acd56bac10e69d93c536366eb65aa6bcf5c"
  integrity sha512-HIWmqA86KcmCAhnMAN0wuDOARV/525R2+lOLotuGFzn4HO+FH+/645z2wx0Dt3iDv6/p61SIvKnDstISainhLQ==
  dependencies:
    moment "^2.29.4"

moment@^2.29.4:
  version "2.30.1"
  resolved "https://registry.yarnpkg.com/moment/-/moment-2.30.1.tgz#f8c91c07b7a786e30c59926df530b4eac96974ae"
  integrity sha512-uEmtNhbDOrWPFS+hdjFCBfy9f2YoyzRpwcl+DqpC6taX21FzsTLQVbMV/W7PzNSX6x/bhC1zA3c2UQ5NzH6how==

ms@2.1.2:
  version "2.1.2"
  resolved "https://registry.yarnpkg.com/ms/-/ms-2.1.2.tgz#d09d1f357b443f493382a8eb3ccd183872ae6009"
  integrity sha512-sGkPx+VjMtmA6MX27oA4FBFELFCZZ4S4XqeGOXCv68tT+jb3vk/RyaKWP0PTKyWtmLSM0b+adUTEvbs1PEaH2w==

node-domexception@1.0.0:
  version "1.0.0"
  resolved "https://registry.yarnpkg.com/node-domexception/-/node-domexception-1.0.0.tgz#6888db46a1f71c0b76b3f7555016b63fe64766e5"
  integrity sha512-/jKZoMpw0F8GRwl4/eLROPA3cfcXtLApP0QzLmUT/HuPCZWyB7IY9ZrMeKw2O/nFIqPQB3PVM9aYm0F312AXDQ==

pg-cloudflare@^1.1.1:
  version "1.1.1"
  resolved "https://registry.yarnpkg.com/pg-cloudflare/-/pg-cloudflare-1.1.1.tgz#e6d5833015b170e23ae819e8c5d7eaedb472ca98"
  integrity sha512-xWPagP/4B6BgFO+EKz3JONXv3YDgvkbVrGw2mTo3D6tVDQRh1e7cqVGvyR3BE+eQgAvx1XhW/iEASj4/jCWl3Q==

pg-connection-string@^2.6.1, pg-connection-string@^2.6.4:
  version "2.6.4"
  resolved "https://registry.yarnpkg.com/pg-connection-string/-/pg-connection-string-2.6.4.tgz#f543862adfa49fa4e14bc8a8892d2a84d754246d"
  integrity sha512-v+Z7W/0EO707aNMaAEfiGnGL9sxxumwLl2fJvCQtMn9Fxsg+lPpPkdcyBSv/KFgpGdYkMfn+EI1Or2EHjpgLCA==

pg-hstore@^2.3.4:
  version "2.3.4"
  resolved "https://registry.yarnpkg.com/pg-hstore/-/pg-hstore-2.3.4.tgz#4425e3e2a3e15d2a334c35581186c27cf2e9b8dd"
  integrity sha512-N3SGs/Rf+xA1M2/n0JBiXFDVMzdekwLZLAO0g7mpDY9ouX+fDI7jS6kTq3JujmYbtNSJ53TJ0q4G98KVZSM4EA==
  dependencies:
    underscore "^1.13.1"

pg-int8@1.0.1:
  version "1.0.1"
  resolved "https://registry.yarnpkg.com/pg-int8/-/pg-int8-1.0.1.tgz#943bd463bf5b71b4170115f80f8efc9a0c0eb78c"
  integrity sha512-WCtabS6t3c8SkpDBUlb1kjOs7l66xsGdKpIPZsg4wR+B3+u9UAum2odSsF9tnvxg80h4ZxLWMy4pRjOsFIqQpw==

pg-pool@^3.6.2:
  version "3.6.2"
  resolved "https://registry.yarnpkg.com/pg-pool/-/pg-pool-3.6.2.tgz#3a592370b8ae3f02a7c8130d245bc02fa2c5f3f2"
  integrity sha512-Htjbg8BlwXqSBQ9V8Vjtc+vzf/6fVUuak/3/XXKA9oxZprwW3IMDQTGHP+KDmVL7rtd+R1QjbnCFPuTHm3G4hg==

pg-protocol@^1.6.1:
  version "1.6.1"
  resolved "https://registry.yarnpkg.com/pg-protocol/-/pg-protocol-1.6.1.tgz#21333e6d83b01faaebfe7a33a7ad6bfd9ed38cb3"
  integrity sha512-jPIlvgoD63hrEuihvIg+tJhoGjUsLPn6poJY9N5CnlPd91c2T18T/9zBtLxZSb1EhYxBRoZJtzScCaWlYLtktg==

pg-types@^2.1.0:
  version "2.2.0"
  resolved "https://registry.yarnpkg.com/pg-types/-/pg-types-2.2.0.tgz#2d0250d636454f7cfa3b6ae0382fdfa8063254a3"
  integrity sha512-qTAAlrEsl8s4OiEQY69wDvcMIdQN6wdz5ojQiOy6YRMuynxenON0O5oCpJI6lshc6scgAY8qvJ2On/p+CXY0GA==
  dependencies:
    pg-int8 "1.0.1"
    postgres-array "~2.0.0"
    postgres-bytea "~1.0.0"
    postgres-date "~1.0.4"
    postgres-interval "^1.1.0"

pg@^8.11.5:
  version "8.11.5"
  resolved "https://registry.yarnpkg.com/pg/-/pg-8.11.5.tgz#e722b0a5f1ed92931c31758ebec3ddf878dd4128"
  integrity sha512-jqgNHSKL5cbDjFlHyYsCXmQDrfIX/3RsNwYqpd4N0Kt8niLuNoRNH+aazv6cOd43gPh9Y4DjQCtb+X0MH0Hvnw==
  dependencies:
    pg-connection-string "^2.6.4"
    pg-pool "^3.6.2"
    pg-protocol "^1.6.1"
    pg-types "^2.1.0"
    pgpass "1.x"
  optionalDependencies:
    pg-cloudflare "^1.1.1"

pgpass@1.x:
  version "1.0.5"
  resolved "https://registry.yarnpkg.com/pgpass/-/pgpass-1.0.5.tgz#9b873e4a564bb10fa7a7dbd55312728d422a223d"
  integrity sha512-FdW9r/jQZhSeohs1Z3sI1yxFQNFvMcnmfuj4WBMUTxOrAyLMaTcE1aAMBiTlbMNaXvBCQuVi0R7hd8udDSP7ug==
  dependencies:
    split2 "^4.1.0"

postgres-array@~2.0.0:
  version "2.0.0"
  resolved "https://registry.yarnpkg.com/postgres-array/-/postgres-array-2.0.0.tgz#48f8fce054fbc69671999329b8834b772652d82e"
  integrity sha512-VpZrUqU5A69eQyW2c5CA1jtLecCsN2U/bD6VilrFDWq5+5UIEVO7nazS3TEcHf1zuPYO/sqGvUvW62g86RXZuA==

postgres-bytea@~1.0.0:
  version "1.0.0"
  resolved "https://registry.yarnpkg.com/postgres-bytea/-/postgres-bytea-1.0.0.tgz#027b533c0aa890e26d172d47cf9ccecc521acd35"
  integrity sha512-xy3pmLuQqRBZBXDULy7KbaitYqLcmxigw14Q5sj8QBVLqEwXfeybIKVWiqAXTlcvdvb0+xkOtDbfQMOf4lST1w==

postgres-date@~1.0.4:
  version "1.0.7"
  resolved "https://registry.yarnpkg.com/postgres-date/-/postgres-date-1.0.7.tgz#51bc086006005e5061c591cee727f2531bf641a8"
  integrity sha512-suDmjLVQg78nMK2UZ454hAG+OAW+HQPZ6n++TNDUX+L0+uUlLywnoxJKDou51Zm+zTCjrCl0Nq6J9C5hP9vK/Q==

postgres-interval@^1.1.0:
  version "1.2.0"
  resolved "https://registry.yarnpkg.com/postgres-interval/-/postgres-interval-1.2.0.tgz#b460c82cb1587507788819a06aa0fffdb3544695"
  integrity sha512-9ZhXKM/rw350N1ovuWHbGxnGh/SNJ4cnxHiM0rxE4VN41wsg8P8zWn9hv/buK00RP4WvlOyr/RBDiptyxVbkZQ==
  dependencies:
    xtend "^4.0.0"

puregram@^2.26.1:
  version "2.26.1"
  resolved "https://registry.yarnpkg.com/puregram/-/puregram-2.26.1.tgz#f29237919fadb970db00dac03d63f2f1380906bc"
  integrity sha512-uIQoUWKceazK+FbEqnraeDhaM72aHITyNLmEYWGFAFOiCMBJ+eMGJprVP49ohhuTkI/am6gUu4IrnXHvvdq96Q==
  dependencies:
    debug "^4.3.2"
    form-data-encoder "^1.7.2"
    formdata-node "^4.3.2"
    inspectable "^2.0.0"
    middleware-io "^2.8.0"
    reflect-metadata "^0.1.13"
    tslib "^2.6.2"
    undici "^5.26.2"

reflect-metadata@^0.1.13, reflect-metadata@^0.1.14:
  version "0.1.14"
  resolved "https://registry.yarnpkg.com/reflect-metadata/-/reflect-metadata-0.1.14.tgz#24cf721fe60677146bb77eeb0e1f9dece3d65859"
  integrity sha512-ZhYeb6nRaXCfhnndflDK8qI6ZQ/YcWZCISRAWICW9XYqMUwjZM9Z0DveWX/ABN01oxSHwVxKQmxeYZSsm0jh5A==

retry-as-promised@^7.0.4:
  version "7.0.4"
  resolved "https://registry.yarnpkg.com/retry-as-promised/-/retry-as-promised-7.0.4.tgz#9df73adaeea08cb2948b9d34990549dc13d800a2"
  integrity sha512-XgmCoxKWkDofwH8WddD0w85ZfqYz+ZHlr5yo+3YUCfycWawU56T5ckWXsScsj5B8tqUcIG67DxXByo3VUgiAdA==

semver@^7.5.4:
  version "7.6.0"
  resolved "https://registry.yarnpkg.com/semver/-/semver-7.6.0.tgz#1a46a4db4bffcccd97b743b5005c8325f23d4e2d"
  integrity sha512-EnwXhrlwXMk9gKu5/flx5sv/an57AkRplG3hTK68W7FRDN+k+OWBj65M7719OkA82XLBxrcX0KSHj+X5COhOVg==
  dependencies:
    lru-cache "^6.0.0"

sequelize-pool@^7.1.0:
  version "7.1.0"
  resolved "https://registry.yarnpkg.com/sequelize-pool/-/sequelize-pool-7.1.0.tgz#210b391af4002762f823188fd6ecfc7413020768"
  integrity sha512-G9c0qlIWQSK29pR/5U2JF5dDQeqqHRragoyahj/Nx4KOOQ3CPPfzxnfqFPCSB7x5UgjOgnZ61nSxz+fjDpRlJg==

sequelize@^6.37.3:
  version "6.37.3"
  resolved "https://registry.yarnpkg.com/sequelize/-/sequelize-6.37.3.tgz#ed6212029a52c59a18638d2a703da84bc2f81311"
  integrity sha512-V2FTqYpdZjPy3VQrZvjTPnOoLm0KudCRXfGWp48QwhyPPp2yW8z0p0sCYZd/em847Tl2dVxJJ1DR+hF+O77T7A==
  dependencies:
    "@types/debug" "^4.1.8"
    "@types/validator" "^13.7.17"
    debug "^4.3.4"
    dottie "^2.0.6"
    inflection "^1.13.4"
    lodash "^4.17.21"
    moment "^2.29.4"
    moment-timezone "^0.5.43"
    pg-connection-string "^2.6.1"
    retry-as-promised "^7.0.4"
    semver "^7.5.4"
    sequelize-pool "^7.1.0"
    toposort-class "^1.0.1"
    uuid "^8.3.2"
    validator "^13.9.0"
    wkx "^0.5.0"

split2@^4.1.0:
  version "4.2.0"
  resolved "https://registry.yarnpkg.com/split2/-/split2-4.2.0.tgz#c9c5920904d148bab0b9f67145f245a86aadbfa4"
  integrity sha512-UcjcJOWknrNkF6PLX83qcHM6KHgVKNkV62Y8a5uYDVv9ydGQVwAHMKqHdJje1VTWpljG0WYpCDhrCdAOYH4TWg==

strip-bom@^3.0.0:
  version "3.0.0"
  resolved "https://registry.yarnpkg.com/strip-bom/-/strip-bom-3.0.0.tgz#2334c18e9c759f7bdd56fdef7e9ae3d588e68ed3"
  integrity sha512-vavAMRXOgBVNF6nyEEmL3DBK19iRpDcoIwW+swQ+CbGiu7lju6t+JklA1MHweoWtadgt4ISVUsXLyDq34ddcwA==

toposort-class@^1.0.1:
  version "1.0.1"
  resolved "https://registry.yarnpkg.com/toposort-class/-/toposort-class-1.0.1.tgz#7ffd1f78c8be28c3ba45cd4e1a3f5ee193bd9988"
  integrity sha512-OsLcGGbYF3rMjPUf8oKktyvCiUxSbqMMS39m33MAjLTC1DVIH6x3WSt63/M77ihI09+Sdfk1AXvfhCEeUmC7mg==

tsconfig-paths@^4.2.0:
  version "4.2.0"
  resolved "https://registry.yarnpkg.com/tsconfig-paths/-/tsconfig-paths-4.2.0.tgz#ef78e19039133446d244beac0fd6a1632e2d107c"
  integrity sha512-NoZ4roiN7LnbKn9QqE1amc9DJfzvZXxF4xDavcOWt1BPkdx+m+0gJuPM+S0vCe7zTJMYUP0R8pO2XMr+Y8oLIg==
  dependencies:
    json5 "^2.2.2"
    minimist "^1.2.6"
    strip-bom "^3.0.0"

tslib@^2.6.2:
  version "2.6.2"
  resolved "https://registry.yarnpkg.com/tslib/-/tslib-2.6.2.tgz#703ac29425e7b37cd6fd456e92404d46d1f3e4ae"
  integrity sha512-AEYxH93jGFPn/a2iVAwW87VuUIkR1FVUKB77NwMF7nBTDkDrrT/Hpt/IrCJ0QXhW27jTBDcf5ZY7w6RiqTMw2Q==

underscore@^1.13.1:
  version "1.13.6"
  resolved "https://registry.yarnpkg.com/underscore/-/underscore-1.13.6.tgz#04786a1f589dc6c09f761fc5f45b89e935136441"
  integrity sha512-+A5Sja4HP1M08MaXya7p5LvjuM7K6q/2EaC0+iovj/wOcMsTzMvDFbasi/oSapiwOlt252IqsKqPjCl7huKS0A==

undici-types@~5.26.4:
  version "5.26.5"
  resolved "https://registry.yarnpkg.com/undici-types/-/undici-types-5.26.5.tgz#bcd539893d00b56e964fd2657a4866b221a65617"
  integrity sha512-JlCMO+ehdEIKqlFxk6IfVoAUVmgz7cU7zD/h9XZ0qzeosSHmUJVOzSQvvYSYWXkFXC+IfLKSIffhv0sVZup6pA==

undici@^5.26.2:
  version "5.28.4"
  resolved "https://registry.yarnpkg.com/undici/-/undici-5.28.4.tgz#6b280408edb6a1a604a9b20340f45b422e373068"
  integrity sha512-72RFADWFqKmUb2hmmvNODKL3p9hcB6Gt2DOQMis1SEBaV6a4MH8soBvzg+95CYhCKPFedut2JY9bMfrDl9D23g==
  dependencies:
    "@fastify/busboy" "^2.0.0"

uuid@^8.3.2:
  version "8.3.2"
  resolved "https://registry.yarnpkg.com/uuid/-/uuid-8.3.2.tgz#80d5b5ced271bb9af6c445f21a1a04c606cefbe2"
  integrity sha512-+NYs2QeMWy+GWFOEm9xnn6HCDp0l7QBD7ml8zLUmJ+93Q5NF0NocErnwkTkXVFNiX3/fpC6afS8Dhb/gz7R7eg==

validator@^13.9.0:
  version "13.11.0"
  resolved "https://registry.yarnpkg.com/validator/-/validator-13.11.0.tgz#23ab3fd59290c61248364eabf4067f04955fbb1b"
  integrity sha512-Ii+sehpSfZy+At5nPdnyMhx78fEoPDkR2XW/zimHEL3MyGJQOCQ7WeP20jPYRz7ZCpcKLB21NxuXHF3bxjStBQ==

web-streams-polyfill@4.0.0-beta.3:
  version "4.0.0-beta.3"
  resolved "https://registry.yarnpkg.com/web-streams-polyfill/-/web-streams-polyfill-4.0.0-beta.3.tgz#2898486b74f5156095e473efe989dcf185047a38"
  integrity sha512-QW95TCTaHmsYfHDybGMwO5IJIM93I/6vTRk+daHTWFPhwh+C8Cg7j7XyKrwrj8Ib6vYXe0ocYNrmzY4xAAN6ug==

wkx@^0.5.0:
  version "0.5.0"
  resolved "https://registry.yarnpkg.com/wkx/-/wkx-0.5.0.tgz#c6c37019acf40e517cc6b94657a25a3d4aa33e8c"
  integrity sha512-Xng/d4Ichh8uN4l0FToV/258EjMGU9MGcA0HV2d9B/ZpZB3lqQm7nkOdZdm5GhKtLLhAE7PiVQwN4eN+2YJJUg==
  dependencies:
    "@types/node" "*"

xtend@^4.0.0:
  version "4.0.2"
  resolved "https://registry.yarnpkg.com/xtend/-/xtend-4.0.2.tgz#bb72779f5fa465186b1f438f674fa347fdb5db54"
  integrity sha512-LKYU1iAXJXUgAXn9URjiu+MWhyUXHsvfp7mcuYm9dSUKK0/CjtrUwFAxD82/mCWbtLsGjFIad0wIsod4zrTAEQ==

yallist@^4.0.0:
  version "4.0.0"
  resolved "https://registry.yarnpkg.com/yallist/-/yallist-4.0.0.tgz#9bb92790d9c0effec63be73519e11a35019a3a72"
  integrity sha512-3wdGidZyq5PB084XLES5TpOSRA3wjXAlIWMhum2kRcv/41Sn2emQ0dycQW4uZXLejwKvg6EsvbdlVL+FYEct7A==
